
Microsoft Visual Studio Solution File, Format Version 12.00
# Visual Studio Version 16
VisualStudioVersion = 16.0.29324.140
MinimumVisualStudioVersion = 10.0.40219.1
Project("{FAE04EC0-301F-11D3-BF4B-00C04F79EFBC}") = "Factory", "Factory\Factory.csproj", "{15BB7A32-7308-4120-8F20-EE5B312E2622}"
EndProject
Project("{FAE04EC0-301F-11D3-BF4B-00C04F79EFBC}") = "ChainOfResponsibility", "ChainOfResponsibility\ChainOfResponsibility.csproj", "{4BB46DD9-A615-445B-9AD7-63AE4791E567}"
EndProject
Global
	GlobalSection(SolutionConfigurationPlatforms) = preSolution
		Debug|Any CPU = Debug|Any CPU
		Release|Any CPU = Release|Any CPU
	EndGlobalSection
	GlobalSection(ProjectConfigurationPlatforms) = postSolution
		{15BB7A32-7308-4120-8F20-EE5B312E2622}.Debug|Any CPU.ActiveCfg = Debug|Any CPU
		{15BB7A32-7308-4120-8F20-EE5B312E2622}.Debug|Any CPU.Build.0 = Debug|Any CPU
		{15BB7A32-7308-4120-8F20-EE5B312E2622}.Release|Any CPU.ActiveCfg = Release|Any CPU
		{15BB7A32-7308-4120-8F20-EE5B312E2622}.Release|Any CPU.Build.0 = Release|Any CPU
		{4BB46DD9-A615-445B-9AD7-63AE4791E567}.Debug|Any CPU.ActiveCfg = Debug|Any CPU
		{4BB46DD9-A615-445B-9AD7-63AE4791E567}.Debug|Any CPU.Build.0 = Debug|Any CPU
		{4BB46DD9-A615-445B-9AD7-63AE4791E567}.Release|Any CPU.ActiveCfg = Release|Any CPU
		{4BB46DD9-A615-445B-9AD7-63AE4791E567}.Release|Any CPU.Build.0 = Release|Any CPU
	EndGlobalSection
	GlobalSection(SolutionProperties) = preSolution
		HideSolutionNode = FALSE
	EndGlobalSection
	GlobalSection(ExtensibilityGlobals) = postSolution
		SolutionGuid = {BE3DDC71-9F5A-429E-9EBB-921250B16F1D}
	EndGlobalSection
EndGlobal
